
Microsoft Visual Studio Solution File, Format Version 12.00
# Visual Studio Version 17
VisualStudioVersion = 17.6.33723.286
MinimumVisualStudioVersion = 10.0.40219.1
Project("{9A19103F-16F7-4668-BE54-9A1E7A4F7556}") = "PartyRoom.WebAPI", "PartyRoom.WebAPI\PartyRoom.WebAPI.csproj", "{816AF7AB-2DFF-44F7-B409-63339E76DCD4}"
EndProject
Project("{9A19103F-16F7-4668-BE54-9A1E7A4F7556}") = "PartyRoom.Infrastructure", "PartyRoom.Infrastructure\PartyRoom.Infrastructure.csproj", "{28F81D82-98D7-4588-8E25-E95F3C40752C}"
EndProject
Project("{9A19103F-16F7-4668-BE54-9A1E7A4F7556}") = "PartyRoom.Core", "PartyRoom.Core\PartyRoom.Core.csproj", "{97CBFC1D-67E5-4F64-A804-D4FF52A15D45}"
EndProject
Project("{FAE04EC0-301F-11D3-BF4B-00C04F79EFBC}") = "PartyRoom.Contracts", "PartyRoom.Contracts\PartyRoom.Contracts.csproj", "{86E62409-754D-494E-89E0-45698D36A9D9}"
EndProject
Global
	GlobalSection(SolutionConfigurationPlatforms) = preSolution
		Debug|Any CPU = Debug|Any CPU
		Release|Any CPU = Release|Any CPU
	EndGlobalSection
	GlobalSection(ProjectConfigurationPlatforms) = postSolution
		{816AF7AB-2DFF-44F7-B409-63339E76DCD4}.Debug|Any CPU.ActiveCfg = Debug|Any CPU
		{816AF7AB-2DFF-44F7-B409-63339E76DCD4}.Debug|Any CPU.Build.0 = Debug|Any CPU
		{816AF7AB-2DFF-44F7-B409-63339E76DCD4}.Release|Any CPU.ActiveCfg = Release|Any CPU
		{816AF7AB-2DFF-44F7-B409-63339E76DCD4}.Release|Any CPU.Build.0 = Release|Any CPU
		{28F81D82-98D7-4588-8E25-E95F3C40752C}.Debug|Any CPU.ActiveCfg = Debug|Any CPU
		{28F81D82-98D7-4588-8E25-E95F3C40752C}.Debug|Any CPU.Build.0 = Debug|Any CPU
		{28F81D82-98D7-4588-8E25-E95F3C40752C}.Release|Any CPU.ActiveCfg = Release|Any CPU
		{28F81D82-98D7-4588-8E25-E95F3C40752C}.Release|Any CPU.Build.0 = Release|Any CPU
		{97CBFC1D-67E5-4F64-A804-D4FF52A15D45}.Debug|Any CPU.ActiveCfg = Debug|Any CPU
		{97CBFC1D-67E5-4F64-A804-D4FF52A15D45}.Debug|Any CPU.Build.0 = Debug|Any CPU
		{97CBFC1D-67E5-4F64-A804-D4FF52A15D45}.Release|Any CPU.ActiveCfg = Release|Any CPU
		{97CBFC1D-67E5-4F64-A804-D4FF52A15D45}.Release|Any CPU.Build.0 = Release|Any CPU
		{86E62409-754D-494E-89E0-45698D36A9D9}.Debug|Any CPU.ActiveCfg = Debug|Any CPU
		{86E62409-754D-494E-89E0-45698D36A9D9}.Debug|Any CPU.Build.0 = Debug|Any CPU
		{86E62409-754D-494E-89E0-45698D36A9D9}.Release|Any CPU.ActiveCfg = Release|Any CPU
		{86E62409-754D-494E-89E0-45698D36A9D9}.Release|Any CPU.Build.0 = Release|Any CPU
	EndGlobalSection
	GlobalSection(SolutionProperties) = preSolution
		HideSolutionNode = FALSE
	EndGlobalSection
	GlobalSection(ExtensibilityGlobals) = postSolution
		SolutionGuid = {742FEC84-6D0E-4E47-9400-C32BF9E1B0E5}
	EndGlobalSection
EndGlobal
